
Microsoft Visual Studio Solution File, Format Version 12.00
# Visual Studio 15
VisualStudioVersion = 15.0.28010.0
MinimumVisualStudioVersion = 10.0.40219.1
Project("{FAE04EC0-301F-11D3-BF4B-00C04F79EFBC}") = "MVCMusicStoreApplication", "MVCMusicStoreApplication\MVCMusicStoreApplication.csproj", "{2207F695-B7F6-40A7-AF59-7A8AB559BD09}"
EndProject
Global
	GlobalSection(SolutionConfigurationPlatforms) = preSolution
		Debug|Any CPU = Debug|Any CPU
		Release|Any CPU = Release|Any CPU
	EndGlobalSection
	GlobalSection(ProjectConfigurationPlatforms) = postSolution
		{2207F695-B7F6-40A7-AF59-7A8AB559BD09}.Debug|Any CPU.ActiveCfg = Debug|Any CPU
		{2207F695-B7F6-40A7-AF59-7A8AB559BD09}.Debug|Any CPU.Build.0 = Debug|Any CPU
		{2207F695-B7F6-40A7-AF59-7A8AB559BD09}.Release|Any CPU.ActiveCfg = Release|Any CPU
		{2207F695-B7F6-40A7-AF59-7A8AB559BD09}.Release|Any CPU.Build.0 = Release|Any CPU
	EndGlobalSection
	GlobalSection(SolutionProperties) = preSolution
		HideSolutionNode = FALSE
	EndGlobalSection
	GlobalSection(ExtensibilityGlobals) = postSolution
		SolutionGuid = {622027FC-5DB8-4E27-9419-1008B974930E}
	EndGlobalSection
EndGlobal
